{
  "nodes": {
    "bob-ruby": {
      "inputs": {
        "flake-utils": "flake-utils",
        "nixpkgs": [
          "nixpkgs"
        ]
      },
      "locked": {
        "lastModified": 1678340434,
        "narHash": "sha256-YqixGmExg3L5nXv5PUD/grVEhpK+rraVc4bWCpuwLbs=",
        "owner": "bobvanderlinden",
        "repo": "nixpkgs-ruby",
        "rev": "c93e4638ac81e5ca4747f57820c6c166f608c0c6",
        "type": "github"
      },
      "original": {
        "owner": "bobvanderlinden",
        "repo": "nixpkgs-ruby",
        "type": "github"
      }
    },
    "bundix": {
      "inputs": {
        "fu": "fu",
        "nixpkgs": "nixpkgs"
      },
      "locked": {
        "lastModified": 1678444975,
        "narHash": "sha256-NKIpaNozIm+1i0vkdhIsXLQxvVKtOfStZlb2BJmDHqA=",
        "owner": "sagittaros",
        "repo": "bundix",
        "rev": "8cea9709a06a458179f9677c244801ed944c2fc9",
        "type": "github"
      },
      "original": {
        "owner": "sagittaros",
        "ref": "main",
        "repo": "bundix",
        "type": "github"
      }
    },
    "bundix_2": {
      "inputs": {
        "fu": "fu_2",
        "nixpkgs": [
          "ruby-nix",
          "nixpkgs"
        ]
      },
      "locked": {
        "lastModified": 1678444975,
        "narHash": "sha256-NKIpaNozIm+1i0vkdhIsXLQxvVKtOfStZlb2BJmDHqA=",
        "owner": "sagittaros",
        "repo": "bundix",
        "rev": "8cea9709a06a458179f9677c244801ed944c2fc9",
        "type": "github"
      },
      "original": {
        "owner": "sagittaros",
        "ref": "main",
        "repo": "bundix",
        "type": "github"
      }
    },
    "flake-utils": {
      "locked": {
        "lastModified": 1667395993,
        "narHash": "sha256-nuEHfE/LcWyuSWnS8t12N1wc105Qtau+/OdUAjtQ0rA=",
        "owner": "numtide",
        "repo": "flake-utils",
        "rev": "5aed5285a952e0b949eb3ba02c12fa4fcfef535f",
        "type": "github"
      },
      "original": {
        "owner": "numtide",
        "repo": "flake-utils",
        "type": "github"
      }
    },
    "flake-utils_2": {
      "locked": {
        "lastModified": 1676283394,
        "narHash": "sha256-XX2f9c3iySLCw54rJ/CZs+ZK6IQy7GXNY4nSOyu2QG4=",
        "owner": "numtide",
        "repo": "flake-utils",
        "rev": "3db36a8b464d0c4532ba1c7dda728f4576d6d073",
        "type": "github"
      },
      "original": {
        "owner": "numtide",
        "repo": "flake-utils",
        "type": "github"
      }
    },
    "fu": {
      "locked": {
        "lastModified": 1676283394,
        "narHash": "sha256-XX2f9c3iySLCw54rJ/CZs+ZK6IQy7GXNY4nSOyu2QG4=",
        "owner": "numtide",
        "repo": "flake-utils",
        "rev": "3db36a8b464d0c4532ba1c7dda728f4576d6d073",
        "type": "github"
      },
      "original": {
        "owner": "numtide",
        "repo": "flake-utils",
        "type": "github"
      }
    },
    "fu_2": {
      "locked": {
        "lastModified": 1676283394,
        "narHash": "sha256-XX2f9c3iySLCw54rJ/CZs+ZK6IQy7GXNY4nSOyu2QG4=",
        "owner": "numtide",
        "repo": "flake-utils",
        "rev": "3db36a8b464d0c4532ba1c7dda728f4576d6d073",
        "type": "github"
      },
      "original": {
        "owner": "numtide",
        "repo": "flake-utils",
        "type": "github"
      }
    },
    "nixpkgs": {
      "locked": {
        "lastModified": 1678693419,
        "narHash": "sha256-bbSv5yqZAW6dz+3f3f3pOUZbxpPN+3OgCljgn7P+nnQ=",
        "owner": "NixOS",
        "repo": "nixpkgs",
        "rev": "8e3fad82be64c06fbfb9fd43993aec9ef4623936",
        "type": "github"
      },
      "original": {
        "owner": "NixOS",
        "ref": "nixpkgs-unstable",
        "repo": "nixpkgs",
        "type": "github"
      }
    },
    "nixpkgs_2": {
      "locked": {
        "lastModified": 0,
        "narHash": "sha256-6DBjL9wjq86p2GczmwnHtFRnWPBPItc67gapWENBgX8=",
        "path": "/nix/store/mh2gsjjpvckd42b205h9g2fjypximf9d-source",
        "type": "path"
      },
      "original": {
        "id": "nixpkgs",
        "type": "indirect"
      }
    },
    "nixpkgs_3": {
      "locked": {
        "lastModified": 1678418513,
        "narHash": "sha256-HLLR2Fmkn3TgD0F+u5gMcTKx5YzAU1rbS4cLfm6ugiU=",
        "owner": "NixOS",
        "repo": "nixpkgs",
        "rev": "5496585eb876f2ce97654bc8f96838c6f8642563",
        "type": "github"
      },
      "original": {
        "id": "nixpkgs",
        "type": "indirect"
      }
    },
    "root": {
      "inputs": {
        "bob-ruby": "bob-ruby",
        "bundix": "bundix",
        "flake-utils": "flake-utils_2",
        "nixpkgs": "nixpkgs_2",
        "ruby-nix": "ruby-nix"
      }
    },
    "ruby-nix": {
      "inputs": {
        "bundix": "bundix_2",
        "nixpkgs": "nixpkgs_3"
      },
      "locked": {
        "lastModified": 1678445951,
        "narHash": "sha256-YNlxoP3AlFvgYqD6BtmZd44KCFcpTruRS78inPPIWnA=",
        "owner": "sagittaros",
        "repo": "ruby-nix",
        "rev": "8a9a6c52893c96c5e91660cf424d7bbe245d484b",
        "type": "github"
      },
      "original": {
        "owner": "sagittaros",
        "repo": "ruby-nix",
        "type": "github"
      }
    }
  },
  "root": "root",
  "version": 7
}
