{
  "nodes": {
    "bob-ruby": {
      "inputs": {
        "flake-utils": "flake-utils",
        "nixpkgs": [
          "nixpkgs"
        ]
      },
      "locked": {
        "lastModified": 1677923214,
        "narHash": "sha256-BJ52sju5wWaeGMSWQsXTFXb4141pI9Ulzps7K1Q3j98=",
        "owner": "bobvanderlinden",
        "repo": "nixpkgs-ruby",
        "rev": "f5adc254f60c21ee90ba418aba73f36e49f4a2e8",
        "type": "github"
      },
      "original": {
        "owner": "bobvanderlinden",
        "repo": "nixpkgs-ruby",
        "type": "github"
      }
    },
    "bundix": {
      "inputs": {
        "flake-compat": "flake-compat",
        "flake-utils": "flake-utils_3",
        "nixpkgs": "nixpkgs_2"
      },
      "locked": {
        "lastModified": 1673616892,
        "narHash": "sha256-KDKdesIUpyM6YnGsZMOxN34NhTNCsXvd03qsHNtUdWc=",
        "owner": "sagittaros",
        "repo": "bundix",
        "rev": "4e0d18ad1954bc447540e4f890c3efdf3c53b3a2",
        "type": "github"
      },
      "original": {
        "owner": "sagittaros",
        "repo": "bundix",
        "type": "github"
      }
    },
    "flake-compat": {
      "flake": false,
      "locked": {
        "lastModified": 1668681692,
        "narHash": "sha256-Ht91NGdewz8IQLtWZ9LCeNXMSXHUss+9COoqu6JLmXU=",
        "owner": "edolstra",
        "repo": "flake-compat",
        "rev": "009399224d5e398d03b22badca40a37ac85412a1",
        "type": "github"
      },
      "original": {
        "owner": "edolstra",
        "repo": "flake-compat",
        "type": "github"
      }
    },
    "flake-utils": {
      "locked": {
        "lastModified": 1667395993,
        "narHash": "sha256-nuEHfE/LcWyuSWnS8t12N1wc105Qtau+/OdUAjtQ0rA=",
        "owner": "numtide",
        "repo": "flake-utils",
        "rev": "5aed5285a952e0b949eb3ba02c12fa4fcfef535f",
        "type": "github"
      },
      "original": {
        "owner": "numtide",
        "repo": "flake-utils",
        "type": "github"
      }
    },
    "flake-utils_2": {
      "locked": {
        "lastModified": 1676283394,
        "narHash": "sha256-XX2f9c3iySLCw54rJ/CZs+ZK6IQy7GXNY4nSOyu2QG4=",
        "owner": "numtide",
        "repo": "flake-utils",
        "rev": "3db36a8b464d0c4532ba1c7dda728f4576d6d073",
        "type": "github"
      },
      "original": {
        "owner": "numtide",
        "repo": "flake-utils",
        "type": "github"
      }
    },
    "flake-utils_3": {
      "locked": {
        "lastModified": 1667395993,
        "narHash": "sha256-nuEHfE/LcWyuSWnS8t12N1wc105Qtau+/OdUAjtQ0rA=",
        "owner": "numtide",
        "repo": "flake-utils",
        "rev": "5aed5285a952e0b949eb3ba02c12fa4fcfef535f",
        "type": "github"
      },
      "original": {
        "owner": "numtide",
        "repo": "flake-utils",
        "type": "github"
      }
    },
    "nixpkgs": {
      "locked": {
        "lastModified": 1677779205,
        "narHash": "sha256-6DBjL9wjq86p2GczmwnHtFRnWPBPItc67gapWENBgX8=",
        "path": "/nix/store/mh2gsjjpvckd42b205h9g2fjypximf9d-source",
        "rev": "96e18717904dfedcd884541e5a92bf9ff632cf39",
        "type": "path"
      },
      "original": {
        "id": "nixpkgs",
        "type": "indirect"
      }
    },
    "nixpkgs_2": {
      "locked": {
        "lastModified": 1673525234,
        "narHash": "sha256-fMP37VTeqSzC8JYoQJinLOnHfjriE5uKInLWJRz5K3E=",
        "owner": "NixOS",
        "repo": "nixpkgs",
        "rev": "92f9580a4c369b4b51a7b6a5e77da43720134c9f",
        "type": "github"
      },
      "original": {
        "owner": "NixOS",
        "ref": "nixpkgs-unstable",
        "repo": "nixpkgs",
        "type": "github"
      }
    },
    "nixpkgs_3": {
      "locked": {
        "lastModified": 1674361931,
        "narHash": "sha256-lUIZItHbW+LmJAz9V9puLq2rHlewcUgg1RPehkQIkzc=",
        "owner": "NixOS",
        "repo": "nixpkgs",
        "rev": "ef479383e13698c8d5ccf8a608485dc8ce1d4f80",
        "type": "github"
      },
      "original": {
        "id": "nixpkgs",
        "type": "indirect"
      }
    },
    "root": {
      "inputs": {
        "bob-ruby": "bob-ruby",
        "flake-utils": "flake-utils_2",
        "nixpkgs": "nixpkgs",
        "ruby-nix": "ruby-nix"
      }
    },
    "ruby-nix": {
      "inputs": {
        "bundix": "bundix",
        "nixpkgs": "nixpkgs_3"
      },
      "locked": {
        "lastModified": 1677827711,
        "narHash": "sha256-G22EThzHBhJT9ZAYo9ZxIhleO+1Zrcoj/mjBwwOxr6A=",
        "owner": "sagittaros",
        "repo": "ruby-nix",
        "rev": "bc5cb2bcfa1acacb54cdc328f4a3561ee042dfb5",
        "type": "github"
      },
      "original": {
        "owner": "sagittaros",
        "repo": "ruby-nix",
        "type": "github"
      }
    }
  },
  "root": "root",
  "version": 7
}
